
Microsoft Visual Studio Solution File, Format Version 12.00
# Visual Studio Version 16
VisualStudioVersion = 16.0.30114.105
MinimumVisualStudioVersion = 10.0.40219.1
Project("{FAE04EC0-301F-11D3-BF4B-00C04F79EFBC}") = "SuperMarket.Api.Employee", "SuperMarket.Api.Employee\SuperMarket.Api.Employee.csproj", "{4547D18C-5F8F-4C7A-AC09-27395AFEB435}"
EndProject
Project("{FAE04EC0-301F-11D3-BF4B-00C04F79EFBC}") = "SuperMarket.Data.Employee", "SuperMarket.Data.Employee\SuperMarket.Data.Employee.csproj", "{DF9BF4B7-AAB3-4FBF-BE00-5A2DC08DB81A}"
EndProject
Project("{FAE04EC0-301F-11D3-BF4B-00C04F79EFBC}") = "SuperMarket.Service.Employee", "SuperMarket.Service.Employee\SuperMarket.Service.Employee.csproj", "{2BC815B6-FD82-451F-A47C-0F0EB8DE5D04}"
EndProject
Global
	GlobalSection(SolutionConfigurationPlatforms) = preSolution
		Debug|Any CPU = Debug|Any CPU
		Release|Any CPU = Release|Any CPU
	EndGlobalSection
	GlobalSection(SolutionProperties) = preSolution
		HideSolutionNode = FALSE
	EndGlobalSection
	GlobalSection(ProjectConfigurationPlatforms) = postSolution
		{4547D18C-5F8F-4C7A-AC09-27395AFEB435}.Debug|Any CPU.ActiveCfg = Debug|Any CPU
		{4547D18C-5F8F-4C7A-AC09-27395AFEB435}.Debug|Any CPU.Build.0 = Debug|Any CPU
		{4547D18C-5F8F-4C7A-AC09-27395AFEB435}.Release|Any CPU.ActiveCfg = Release|Any CPU
		{4547D18C-5F8F-4C7A-AC09-27395AFEB435}.Release|Any CPU.Build.0 = Release|Any CPU
		{DF9BF4B7-AAB3-4FBF-BE00-5A2DC08DB81A}.Debug|Any CPU.ActiveCfg = Debug|Any CPU
		{DF9BF4B7-AAB3-4FBF-BE00-5A2DC08DB81A}.Debug|Any CPU.Build.0 = Debug|Any CPU
		{DF9BF4B7-AAB3-4FBF-BE00-5A2DC08DB81A}.Release|Any CPU.ActiveCfg = Release|Any CPU
		{DF9BF4B7-AAB3-4FBF-BE00-5A2DC08DB81A}.Release|Any CPU.Build.0 = Release|Any CPU
		{2BC815B6-FD82-451F-A47C-0F0EB8DE5D04}.Debug|Any CPU.ActiveCfg = Debug|Any CPU
		{2BC815B6-FD82-451F-A47C-0F0EB8DE5D04}.Debug|Any CPU.Build.0 = Debug|Any CPU
		{2BC815B6-FD82-451F-A47C-0F0EB8DE5D04}.Release|Any CPU.ActiveCfg = Release|Any CPU
		{2BC815B6-FD82-451F-A47C-0F0EB8DE5D04}.Release|Any CPU.Build.0 = Release|Any CPU
	EndGlobalSection
EndGlobal
